
Microsoft Visual Studio Solution File, Format Version 12.00
# Visual Studio 15
VisualStudioVersion = 15.0.28307.136
MinimumVisualStudioVersion = 10.0.40219.1
Project("{FAE04EC0-301F-11D3-BF4B-00C04F79EFBC}") = "Slobkoll.ERP.Core", "Slobkoll.ERP.Core\Slobkoll.ERP.Core.csproj", "{B2F646AD-22F5-4355-8BD7-C831D370BA26}"
EndProject
Project("{FAE04EC0-301F-11D3-BF4B-00C04F79EFBC}") = "Slobkoll.ERP.Web", "Slobkoll.ERP.Web\Slobkoll.ERP.Web.csproj", "{54819DE3-1161-4E13-A3C7-73DAE9D80976}"
	ProjectSection(ProjectDependencies) = postProject
		{B2F646AD-22F5-4355-8BD7-C831D370BA26} = {B2F646AD-22F5-4355-8BD7-C831D370BA26}
	EndProjectSection
EndProject
Global
	GlobalSection(SolutionConfigurationPlatforms) = preSolution
		Debug|Any CPU = Debug|Any CPU
		Release|Any CPU = Release|Any CPU
	EndGlobalSection
	GlobalSection(ProjectConfigurationPlatforms) = postSolution
		{B2F646AD-22F5-4355-8BD7-C831D370BA26}.Debug|Any CPU.ActiveCfg = Debug|Any CPU
		{B2F646AD-22F5-4355-8BD7-C831D370BA26}.Debug|Any CPU.Build.0 = Debug|Any CPU
		{B2F646AD-22F5-4355-8BD7-C831D370BA26}.Release|Any CPU.ActiveCfg = Release|Any CPU
		{B2F646AD-22F5-4355-8BD7-C831D370BA26}.Release|Any CPU.Build.0 = Release|Any CPU
		{54819DE3-1161-4E13-A3C7-73DAE9D80976}.Debug|Any CPU.ActiveCfg = Debug|Any CPU
		{54819DE3-1161-4E13-A3C7-73DAE9D80976}.Debug|Any CPU.Build.0 = Debug|Any CPU
		{54819DE3-1161-4E13-A3C7-73DAE9D80976}.Release|Any CPU.ActiveCfg = Release|Any CPU
		{54819DE3-1161-4E13-A3C7-73DAE9D80976}.Release|Any CPU.Build.0 = Release|Any CPU
	EndGlobalSection
	GlobalSection(SolutionProperties) = preSolution
		HideSolutionNode = FALSE
	EndGlobalSection
	GlobalSection(ExtensibilityGlobals) = postSolution
		SolutionGuid = {12DCA6B4-9DD7-4FA2-B3A5-C6F9C2145D63}
	EndGlobalSection
EndGlobal
